
Microsoft Visual Studio Solution File, Format Version 12.00
# Visual Studio Version 16
VisualStudioVersion = 16.0.31005.135
MinimumVisualStudioVersion = 10.0.40219.1
Project("{FAE04EC0-301F-11D3-BF4B-00C04F79EFBC}") = "MTC_WebServerCore", "MTC_WebServerCore\MTC_WebServerCore.csproj", "{3BB7B672-83A6-4157-BE62-031FE801692D}"
EndProject
Project("{FAE04EC0-301F-11D3-BF4B-00C04F79EFBC}") = "MTCrepository", "ClassLibrary3\MTCrepository.csproj", "{F2200B2D-17EF-4D49-AC5F-59A5B43F28EB}"
EndProject
Project("{FAE04EC0-301F-11D3-BF4B-00C04F79EFBC}") = "MTCmodel", "MTCmodel\MTCmodel.csproj", "{143C1E22-476C-44D1-8FE3-250A2ED1F9E5}"
EndProject
Global
	GlobalSection(SolutionConfigurationPlatforms) = preSolution
		Debug|Any CPU = Debug|Any CPU
		Release|Any CPU = Release|Any CPU
	EndGlobalSection
	GlobalSection(ProjectConfigurationPlatforms) = postSolution
		{3BB7B672-83A6-4157-BE62-031FE801692D}.Debug|Any CPU.ActiveCfg = Debug|Any CPU
		{3BB7B672-83A6-4157-BE62-031FE801692D}.Debug|Any CPU.Build.0 = Debug|Any CPU
		{3BB7B672-83A6-4157-BE62-031FE801692D}.Release|Any CPU.ActiveCfg = Release|Any CPU
		{3BB7B672-83A6-4157-BE62-031FE801692D}.Release|Any CPU.Build.0 = Release|Any CPU
		{F2200B2D-17EF-4D49-AC5F-59A5B43F28EB}.Debug|Any CPU.ActiveCfg = Debug|Any CPU
		{F2200B2D-17EF-4D49-AC5F-59A5B43F28EB}.Debug|Any CPU.Build.0 = Debug|Any CPU
		{F2200B2D-17EF-4D49-AC5F-59A5B43F28EB}.Release|Any CPU.ActiveCfg = Release|Any CPU
		{F2200B2D-17EF-4D49-AC5F-59A5B43F28EB}.Release|Any CPU.Build.0 = Release|Any CPU
		{143C1E22-476C-44D1-8FE3-250A2ED1F9E5}.Debug|Any CPU.ActiveCfg = Debug|Any CPU
		{143C1E22-476C-44D1-8FE3-250A2ED1F9E5}.Debug|Any CPU.Build.0 = Debug|Any CPU
		{143C1E22-476C-44D1-8FE3-250A2ED1F9E5}.Release|Any CPU.ActiveCfg = Release|Any CPU
		{143C1E22-476C-44D1-8FE3-250A2ED1F9E5}.Release|Any CPU.Build.0 = Release|Any CPU
	EndGlobalSection
	GlobalSection(SolutionProperties) = preSolution
		HideSolutionNode = FALSE
	EndGlobalSection
	GlobalSection(ExtensibilityGlobals) = postSolution
		SolutionGuid = {DE3F8097-59D0-47FA-85A9-8FB57BD09FCC}
	EndGlobalSection
EndGlobal
